
Microsoft Visual Studio Solution File, Format Version 12.00
# Visual Studio Version 17
VisualStudioVersion = 17.14.36518.9 d17.14
MinimumVisualStudioVersion = 10.0.40219.1
Project("{FAE04EC0-301F-11D3-BF4B-00C04F79EFBC}") = "ClinicManagementSystem", "ClinicManagementSystem\ClinicManagementSystem.csproj", "{B246C52F-6C88-4A0E-8D7E-5DD748232AC5}"
EndProject
Global
	GlobalSection(SolutionConfigurationPlatforms) = preSolution
		Debug|Any CPU = Debug|Any CPU
		Release|Any CPU = Release|Any CPU
	EndGlobalSection
	GlobalSection(ProjectConfigurationPlatforms) = postSolution
		{B246C52F-6C88-4A0E-8D7E-5DD748232AC5}.Debug|Any CPU.ActiveCfg = Debug|Any CPU
		{B246C52F-6C88-4A0E-8D7E-5DD748232AC5}.Debug|Any CPU.Build.0 = Debug|Any CPU
		{B246C52F-6C88-4A0E-8D7E-5DD748232AC5}.Release|Any CPU.ActiveCfg = Release|Any CPU
		{B246C52F-6C88-4A0E-8D7E-5DD748232AC5}.Release|Any CPU.Build.0 = Release|Any CPU
	EndGlobalSection
	GlobalSection(SolutionProperties) = preSolution
		HideSolutionNode = FALSE
	EndGlobalSection
	GlobalSection(ExtensibilityGlobals) = postSolution
		SolutionGuid = {8303CB9C-B373-47A1-8A3E-988A20B4800E}
	EndGlobalSection
EndGlobal
